
Microsoft Visual Studio Solution File, Format Version 12.00
# Visual Studio Version 17
VisualStudioVersion = 17.5.33627.172
MinimumVisualStudioVersion = 10.0.40219.1
Project("{FAE04EC0-301F-11D3-BF4B-00C04F79EFBC}") = "PublicTransportTool", "PublicTransportTool.csproj", "{5288EC2D-FC41-47EF-BEEA-EE6823EAEF26}"
EndProject
Project("{FAE04EC0-301F-11D3-BF4B-00C04F79EFBC}") = "CmpHelpers", "CmpHelpers\CmpHelpers.csproj", "{01DC2537-F149-4CDA-876D-C20512483376}"
EndProject
Project("{FAE04EC0-301F-11D3-BF4B-00C04F79EFBC}") = "CmpMap", "CmpMap\CmpMap.csproj", "{F7A4E581-1E41-4EA9-8C1C-09045B4E9F97}"
EndProject
Project("{FAE04EC0-301F-11D3-BF4B-00C04F79EFBC}") = "CmpSearchData", "CmpSearchData\CmpSearchData.csproj", "{50318F4E-A10A-427A-810F-C52D503BF6FA}"
EndProject
Project("{FAE04EC0-301F-11D3-BF4B-00C04F79EFBC}") = "CmpPathFinder", "CmpPathFinder\CmpPathFinder.csproj", "{0B17FB76-1239-49F1-8F88-3F0D2CE69DD6}"
EndProject
Global
	GlobalSection(SolutionConfigurationPlatforms) = preSolution
		Debug|Any CPU = Debug|Any CPU
		Release|Any CPU = Release|Any CPU
	EndGlobalSection
	GlobalSection(ProjectConfigurationPlatforms) = postSolution
		{5288EC2D-FC41-47EF-BEEA-EE6823EAEF26}.Debug|Any CPU.ActiveCfg = Debug|Any CPU
		{5288EC2D-FC41-47EF-BEEA-EE6823EAEF26}.Debug|Any CPU.Build.0 = Debug|Any CPU
		{5288EC2D-FC41-47EF-BEEA-EE6823EAEF26}.Release|Any CPU.ActiveCfg = Release|Any CPU
		{5288EC2D-FC41-47EF-BEEA-EE6823EAEF26}.Release|Any CPU.Build.0 = Release|Any CPU
		{01DC2537-F149-4CDA-876D-C20512483376}.Debug|Any CPU.ActiveCfg = Debug|Any CPU
		{01DC2537-F149-4CDA-876D-C20512483376}.Debug|Any CPU.Build.0 = Debug|Any CPU
		{01DC2537-F149-4CDA-876D-C20512483376}.Release|Any CPU.ActiveCfg = Release|Any CPU
		{01DC2537-F149-4CDA-876D-C20512483376}.Release|Any CPU.Build.0 = Release|Any CPU
		{F7A4E581-1E41-4EA9-8C1C-09045B4E9F97}.Debug|Any CPU.ActiveCfg = Debug|Any CPU
		{F7A4E581-1E41-4EA9-8C1C-09045B4E9F97}.Debug|Any CPU.Build.0 = Debug|Any CPU
		{F7A4E581-1E41-4EA9-8C1C-09045B4E9F97}.Release|Any CPU.ActiveCfg = Release|Any CPU
		{F7A4E581-1E41-4EA9-8C1C-09045B4E9F97}.Release|Any CPU.Build.0 = Release|Any CPU
		{50318F4E-A10A-427A-810F-C52D503BF6FA}.Debug|Any CPU.ActiveCfg = Debug|Any CPU
		{50318F4E-A10A-427A-810F-C52D503BF6FA}.Debug|Any CPU.Build.0 = Debug|Any CPU
		{50318F4E-A10A-427A-810F-C52D503BF6FA}.Release|Any CPU.ActiveCfg = Release|Any CPU
		{50318F4E-A10A-427A-810F-C52D503BF6FA}.Release|Any CPU.Build.0 = Release|Any CPU
		{0B17FB76-1239-49F1-8F88-3F0D2CE69DD6}.Debug|Any CPU.ActiveCfg = Debug|Any CPU
		{0B17FB76-1239-49F1-8F88-3F0D2CE69DD6}.Debug|Any CPU.Build.0 = Debug|Any CPU
		{0B17FB76-1239-49F1-8F88-3F0D2CE69DD6}.Release|Any CPU.ActiveCfg = Release|Any CPU
		{0B17FB76-1239-49F1-8F88-3F0D2CE69DD6}.Release|Any CPU.Build.0 = Release|Any CPU
	EndGlobalSection
	GlobalSection(SolutionProperties) = preSolution
		HideSolutionNode = FALSE
	EndGlobalSection
	GlobalSection(ExtensibilityGlobals) = postSolution
		SolutionGuid = {A2264883-4E20-4153-BCF0-01393B96B91A}
	EndGlobalSection
EndGlobal
